
Microsoft Visual Studio Solution File, Format Version 12.00
# Visual Studio Version 16
VisualStudioVersion = 16.0.31112.23
MinimumVisualStudioVersion = 10.0.40219.1
Project("{FAE04EC0-301F-11D3-BF4B-00C04F79EFBC}") = "WestCoastEducation", "WestCoastEducation\WestCoastEducation.csproj", "{21DA5E05-6FD1-4E65-9A69-6A7E4E495183}"
EndProject
Global
	GlobalSection(SolutionConfigurationPlatforms) = preSolution
		Debug|Any CPU = Debug|Any CPU
		Release|Any CPU = Release|Any CPU
	EndGlobalSection
	GlobalSection(ProjectConfigurationPlatforms) = postSolution
		{21DA5E05-6FD1-4E65-9A69-6A7E4E495183}.Debug|Any CPU.ActiveCfg = Debug|Any CPU
		{21DA5E05-6FD1-4E65-9A69-6A7E4E495183}.Debug|Any CPU.Build.0 = Debug|Any CPU
		{21DA5E05-6FD1-4E65-9A69-6A7E4E495183}.Release|Any CPU.ActiveCfg = Release|Any CPU
		{21DA5E05-6FD1-4E65-9A69-6A7E4E495183}.Release|Any CPU.Build.0 = Release|Any CPU
	EndGlobalSection
	GlobalSection(SolutionProperties) = preSolution
		HideSolutionNode = FALSE
	EndGlobalSection
	GlobalSection(ExtensibilityGlobals) = postSolution
		SolutionGuid = {4D9DF8F6-9EA3-4CBA-9C8F-5247C35DCE58}
	EndGlobalSection
EndGlobal
